{
  "imports": [
    {
      "name": "sys-email",
      "schema": {
        "imports": [
        ],
        "types": [
          {
            "actions": [
              {
                "description": "",
                "hints": {
                },
                "name": "send",
                "params": [
                  {
                    "description": "",
                    "hints": {
                    },
                    "name": "subject",
                    "optional": false,
                    "type": "String"
                  },
                  {
                    "description": "",
                    "hints": {
                    },
                    "name": "body",
                    "optional": false,
                    "type": "String"
                  }
                ],
                "type": "Void"
              }
            ],
            "description": "Send emails",
            "events": [
            ],
            "fields": [
            ],
            "name": "Root"
          }
        ]
      },
      "source": {
        "Program": "tbd"
      }
    }
  ],
  "types": {
    "email": {
      "gref_hash": "161c65c8cac0a7723f6c7fb0c82a51a4776fff50098de5f41afca6d8b9ddd136",
      "type": "sys-email:Root"
    }
  }
}
